// !$*UTF8*$!
{
	archiveVersion = 1;
	classes = {
	};
	objectVersion = 50;
	objects = {

/* Begin PBXBuildFile section */
		58A6E0AB5769B60F1747FC03 /* BackendSelectionView.swift in Sources */ = {isa = PBXBuildFile; fileRef = 58A6EC4F7580C9B477BB7B55 /* BackendSelectionView.swift */; };
		58A6E2754804B596407ABA62 /* DeviceDataRealmAdapter.swift in Sources */ = {isa = PBXBuildFile; fileRef = 58A6EB2E20DB0449D9F74538 /* DeviceDataRealmAdapter.swift */; };
		58A6E298F04B3D6B38857738 /* BackendSelectionView.swift in Sources */ = {isa = PBXBuildFile; fileRef = 58A6EC4F7580C9B477BB7B55 /* BackendSelectionView.swift */; };
		58A6E3FFBA3DC86AE3CCA5B7 /* BackendModel.swift in Sources */ = {isa = PBXBuildFile; fileRef = 58A6E2D4BF6CAFF2DA3FB631 /* BackendModel.swift */; };
		58A6E406A5938EE444EA2332 /* DeviceService.swift in Sources */ = {isa = PBXBuildFile; fileRef = 58A6E3E6905AF0795436A8E0 /* DeviceService.swift */; };
		58A6E67B99847D8E038A6836 /* DeviceDataViewController.swift in Sources */ = {isa = PBXBuildFile; fileRef = 58A6EC20B35B5589794C73AD /* DeviceDataViewController.swift */; };
		58A6E690774F4A6F15BB46C7 /* BackendSelectionView.swift in Sources */ = {isa = PBXBuildFile; fileRef = 58A6EC4F7580C9B477BB7B55 /* BackendSelectionView.swift */; };
		58A6E81493978038DBD5EB14 /* MainView.swift in Sources */ = {isa = PBXBuildFile; fileRef = 58A6E654DF7174EDFC527491 /* MainView.swift */; };
		58A6EDDBFCC1B4372ABCAC36 /* LaunchScreen.storyboard in Resources */ = {isa = PBXBuildFile; fileRef = 58A6E09FF79D3EB8415129E3 /* LaunchScreen.storyboard */; };
		58A6EF8FBCFDF6AF1D88D8EC /* AppDelegate.swift in Sources */ = {isa = PBXBuildFile; fileRef = 58A6EAB608AD2A52A9EC622E /* AppDelegate.swift */; };
		58A6EFDCA04E78C8A9FFEC65 /* PositionModel.swift in Sources */ = {isa = PBXBuildFile; fileRef = 58A6EDAB0EF87275BB372F5D /* PositionModel.swift */; };
		58A6EFF97BF049A46F3726EA /* Assets.xcassets in Resources */ = {isa = PBXBuildFile; fileRef = 58A6E7DE0D55021AA8C2F657 /* Assets.xcassets */; };
		65EBFDC321BE6BAA00661347 /* IoTDemoTests.swift in Sources */ = {isa = PBXBuildFile; fileRef = 65EBFDC221BE6BAA00661347 /* IoTDemoTests.swift */; };
		65EBFDCE21BE6BAA00661347 /* IoTDemoUITests.swift in Sources */ = {isa = PBXBuildFile; fileRef = 65EBFDCD21BE6BAA00661347 /* IoTDemoUITests.swift */; };
		CBE86232B38677E8A1F579D5 /* Pods_IoTDemo.framework in Frameworks */ = {isa = PBXBuildFile; fileRef = 6B1861E79BF342F8DC2DB14A /* Pods_IoTDemo.framework */; };
/* End PBXBuildFile section */

/* Begin PBXContainerItemProxy section */
		65EBFDBF21BE6BAA00661347 /* PBXContainerItemProxy */ = {
			isa = PBXContainerItemProxy;
			containerPortal = 65EBFD9F21BE6BA900661347 /* Project object */;
			proxyType = 1;
			remoteGlobalIDString = 65EBFDA621BE6BA900661347;
			remoteInfo = IoTDemo;
		};
		65EBFDCA21BE6BAA00661347 /* PBXContainerItemProxy */ = {
			isa = PBXContainerItemProxy;
			containerPortal = 65EBFD9F21BE6BA900661347 /* Project object */;
			proxyType = 1;
			remoteGlobalIDString = 65EBFDA621BE6BA900661347;
			remoteInfo = IoTDemo;
		};
/* End PBXContainerItemProxy section */

/* Begin PBXFileReference section */
		3510DA710780F1AA33ECC9A0 /* Pods-IoTDemo.release.xcconfig */ = {isa = PBXFileReference; includeInIndex = 1; lastKnownFileType = text.xcconfig; name = "Pods-IoTDemo.release.xcconfig"; path = "../Pods/Target Support Files/Pods-IoTDemo/Pods-IoTDemo.release.xcconfig"; sourceTree = "<group>"; };
		58A6E09FF79D3EB8415129E3 /* LaunchScreen.storyboard */ = {isa = PBXFileReference; lastKnownFileType = file.storyboard; path = LaunchScreen.storyboard; sourceTree = "<group>"; };
		58A6E2D4BF6CAFF2DA3FB631 /* BackendModel.swift */ = {isa = PBXFileReference; fileEncoding = 4; lastKnownFileType = sourcecode.swift; path = BackendModel.swift; sourceTree = "<group>"; };
		58A6E3E6905AF0795436A8E0 /* DeviceService.swift */ = {isa = PBXFileReference; fileEncoding = 4; lastKnownFileType = sourcecode.swift; path = DeviceService.swift; sourceTree = "<group>"; };
		58A6E654DF7174EDFC527491 /* MainView.swift */ = {isa = PBXFileReference; fileEncoding = 4; lastKnownFileType = sourcecode.swift; path = MainView.swift; sourceTree = "<group>"; };
		58A6E7DE0D55021AA8C2F657 /* Assets.xcassets */ = {isa = PBXFileReference; lastKnownFileType = folder.assetcatalog; path = Assets.xcassets; sourceTree = "<group>"; };
		58A6EAB608AD2A52A9EC622E /* AppDelegate.swift */ = {isa = PBXFileReference; fileEncoding = 4; lastKnownFileType = sourcecode.swift; path = AppDelegate.swift; sourceTree = "<group>"; };
		58A6EB2E20DB0449D9F74538 /* DeviceDataRealmAdapter.swift */ = {isa = PBXFileReference; fileEncoding = 4; lastKnownFileType = sourcecode.swift; path = DeviceDataRealmAdapter.swift; sourceTree = "<group>"; };
		58A6EB308FA27D84026C465F /* Info.plist */ = {isa = PBXFileReference; fileEncoding = 4; lastKnownFileType = text.plist.info; path = Info.plist; sourceTree = "<group>"; };
		58A6EC20B35B5589794C73AD /* DeviceDataViewController.swift */ = {isa = PBXFileReference; fileEncoding = 4; lastKnownFileType = sourcecode.swift; path = DeviceDataViewController.swift; sourceTree = "<group>"; };
		58A6EC4F7580C9B477BB7B55 /* BackendSelectionView.swift */ = {isa = PBXFileReference; fileEncoding = 4; lastKnownFileType = sourcecode.swift; path = BackendSelectionView.swift; sourceTree = "<group>"; };
		58A6EDAB0EF87275BB372F5D /* PositionModel.swift */ = {isa = PBXFileReference; fileEncoding = 4; lastKnownFileType = sourcecode.swift; path = PositionModel.swift; sourceTree = "<group>"; };
		6325A6BC522A686B6A83CCFC /* Pods-IoTDemo.debug.xcconfig */ = {isa = PBXFileReference; includeInIndex = 1; lastKnownFileType = text.xcconfig; name = "Pods-IoTDemo.debug.xcconfig"; path = "../Pods/Target Support Files/Pods-IoTDemo/Pods-IoTDemo.debug.xcconfig"; sourceTree = "<group>"; };
		65EBFDA721BE6BA900661347 /* IoTDemo.app */ = {isa = PBXFileReference; explicitFileType = wrapper.application; includeInIndex = 0; path = IoTDemo.app; sourceTree = BUILT_PRODUCTS_DIR; };
		65EBFDBE21BE6BAA00661347 /* IoTDemoTests.xctest */ = {isa = PBXFileReference; explicitFileType = wrapper.cfbundle; includeInIndex = 0; path = IoTDemoTests.xctest; sourceTree = BUILT_PRODUCTS_DIR; };
		65EBFDC221BE6BAA00661347 /* IoTDemoTests.swift */ = {isa = PBXFileReference; lastKnownFileType = sourcecode.swift; path = IoTDemoTests.swift; sourceTree = "<group>"; };
		65EBFDC421BE6BAA00661347 /* Info.plist */ = {isa = PBXFileReference; lastKnownFileType = text.plist.xml; path = Info.plist; sourceTree = "<group>"; };
		65EBFDC921BE6BAA00661347 /* IoTDemoUITests.xctest */ = {isa = PBXFileReference; explicitFileType = wrapper.cfbundle; includeInIndex = 0; path = IoTDemoUITests.xctest; sourceTree = BUILT_PRODUCTS_DIR; };
		65EBFDCD21BE6BAA00661347 /* IoTDemoUITests.swift */ = {isa = PBXFileReference; lastKnownFileType = sourcecode.swift; path = IoTDemoUITests.swift; sourceTree = "<group>"; };
		65EBFDCF21BE6BAA00661347 /* Info.plist */ = {isa = PBXFileReference; lastKnownFileType = text.plist.xml; path = Info.plist; sourceTree = "<group>"; };
		6B1861E79BF342F8DC2DB14A /* Pods_IoTDemo.framework */ = {isa = PBXFileReference; explicitFileType = wrapper.framework; includeInIndex = 0; path = Pods_IoTDemo.framework; sourceTree = BUILT_PRODUCTS_DIR; };
/* End PBXFileReference section */

/* Begin PBXFrameworksBuildPhase section */
		65EBFDA421BE6BA900661347 /* Frameworks */ = {
			isa = PBXFrameworksBuildPhase;
			buildActionMask = 2147483647;
			files = (
				CBE86232B38677E8A1F579D5 /* Pods_IoTDemo.framework in Frameworks */,
			);
			runOnlyForDeploymentPostprocessing = 0;
		};
		65EBFDBB21BE6BAA00661347 /* Frameworks */ = {
			isa = PBXFrameworksBuildPhase;
			buildActionMask = 2147483647;
			files = (
			);
			runOnlyForDeploymentPostprocessing = 0;
		};
		65EBFDC621BE6BAA00661347 /* Frameworks */ = {
			isa = PBXFrameworksBuildPhase;
			buildActionMask = 2147483647;
			files = (
			);
			runOnlyForDeploymentPostprocessing = 0;
		};
/* End PBXFrameworksBuildPhase section */

/* Begin PBXGroup section */
		58A6E0EDE825CCCEFA376E56 /* Concepts */ = {
			isa = PBXGroup;
			children = (
				58A6EF236614951F2F4A0E1F /* BackendSelection */,
				58A6E9A303CD29C4CB672367 /* Main */,
				58A6E308C88D72093ACCB674 /* DeviceData */,
			);
			path = Concepts;
			sourceTree = "<group>";
		};
		58A6E308C88D72093ACCB674 /* DeviceData */ = {
			isa = PBXGroup;
			children = (
				58A6EC20B35B5589794C73AD /* DeviceDataViewController.swift */,
			);
			path = DeviceData;
			sourceTree = "<group>";
		};
		58A6E51CD1CE5058C6264288 /* Services */ = {
			isa = PBXGroup;
			children = (
				58A6E3E6905AF0795436A8E0 /* DeviceService.swift */,
				58A6EDAB0EF87275BB372F5D /* PositionModel.swift */,
				58A6EB2E20DB0449D9F74538 /* DeviceDataRealmAdapter.swift */,
			);
			path = Services;
			sourceTree = "<group>";
		};
		58A6E6CED3A1C1FF11FEE371 /* Assets */ = {
			isa = PBXGroup;
			children = (
				58A6E7DE0D55021AA8C2F657 /* Assets.xcassets */,
			);
			path = Assets;
			sourceTree = "<group>";
		};
		58A6E9A303CD29C4CB672367 /* Main */ = {
			isa = PBXGroup;
			children = (
				58A6E654DF7174EDFC527491 /* MainView.swift */,
			);
			path = Main;
			sourceTree = "<group>";
		};
		58A6EEAF3860F9181683254F /* Application */ = {
			isa = PBXGroup;
			children = (
				58A6E09FF79D3EB8415129E3 /* LaunchScreen.storyboard */,
				58A6EB308FA27D84026C465F /* Info.plist */,
				58A6EAB608AD2A52A9EC622E /* AppDelegate.swift */,
			);
			path = Application;
			sourceTree = "<group>";
		};
		58A6EF236614951F2F4A0E1F /* BackendSelection */ = {
			isa = PBXGroup;
			children = (
				58A6EC4F7580C9B477BB7B55 /* BackendSelectionView.swift */,
				58A6E2D4BF6CAFF2DA3FB631 /* BackendModel.swift */,
			);
			path = BackendSelection;
			sourceTree = "<group>";
		};
		650EBD4021BE797F00B6CA40 /* Frameworks */ = {
			isa = PBXGroup;
			children = (
				6B1861E79BF342F8DC2DB14A /* Pods_IoTDemo.framework */,
			);
			path = Frameworks;
			sourceTree = "<group>";
		};
		65EBFD9E21BE6BA900661347 = {
			isa = PBXGroup;
			children = (
				65EBFDA921BE6BA900661347 /* IoTDemo */,
				65EBFDC121BE6BAA00661347 /* IoTDemoTests */,
				65EBFDCC21BE6BAA00661347 /* IoTDemoUITests */,
				650EBD4021BE797F00B6CA40 /* Frameworks */,
				65EBFDA821BE6BA900661347 /* Products */,
				FD52A21FAF9D64419A6AA73B /* Pods */,
			);
			sourceTree = "<group>";
		};
		65EBFDA821BE6BA900661347 /* Products */ = {
			isa = PBXGroup;
			children = (
				65EBFDA721BE6BA900661347 /* IoTDemo.app */,
				65EBFDBE21BE6BAA00661347 /* IoTDemoTests.xctest */,
				65EBFDC921BE6BAA00661347 /* IoTDemoUITests.xctest */,
			);
			name = Products;
			sourceTree = "<group>";
		};
		65EBFDA921BE6BA900661347 /* IoTDemo */ = {
			isa = PBXGroup;
			children = (
				58A6E6CED3A1C1FF11FEE371 /* Assets */,
				58A6E0EDE825CCCEFA376E56 /* Concepts */,
				58A6E51CD1CE5058C6264288 /* Services */,
				58A6EEAF3860F9181683254F /* Application */,
			);
			path = IoTDemo;
			sourceTree = "<group>";
		};
		65EBFDC121BE6BAA00661347 /* IoTDemoTests */ = {
			isa = PBXGroup;
			children = (
				65EBFDC221BE6BAA00661347 /* IoTDemoTests.swift */,
				65EBFDC421BE6BAA00661347 /* Info.plist */,
			);
			path = IoTDemoTests;
			sourceTree = "<group>";
		};
		65EBFDCC21BE6BAA00661347 /* IoTDemoUITests */ = {
			isa = PBXGroup;
			children = (
				65EBFDCD21BE6BAA00661347 /* IoTDemoUITests.swift */,
				65EBFDCF21BE6BAA00661347 /* Info.plist */,
			);
			path = IoTDemoUITests;
			sourceTree = "<group>";
		};
		FD52A21FAF9D64419A6AA73B /* Pods */ = {
			isa = PBXGroup;
			children = (
				6325A6BC522A686B6A83CCFC /* Pods-IoTDemo.debug.xcconfig */,
				3510DA710780F1AA33ECC9A0 /* Pods-IoTDemo.release.xcconfig */,
			);
			name = Pods;
			sourceTree = "<group>";
		};
/* End PBXGroup section */

/* Begin PBXNativeTarget section */
		65EBFDA621BE6BA900661347 /* IoTDemo */ = {
			isa = PBXNativeTarget;
			buildConfigurationList = 65EBFDD221BE6BAA00661347 /* Build configuration list for PBXNativeTarget "IoTDemo" */;
			buildPhases = (
				3636235DCF05C509BDD84019 /* [CP] Check Pods Manifest.lock */,
				65EBFDA321BE6BA900661347 /* Sources */,
				65EBFDA421BE6BA900661347 /* Frameworks */,
				65EBFDA521BE6BA900661347 /* Resources */,
				0505318C2F288A65B55227C6 /* [CP] Embed Pods Frameworks */,
			);
			buildRules = (
			);
			dependencies = (
			);
			name = IoTDemo;
			productName = IoTDemo;
			productReference = 65EBFDA721BE6BA900661347 /* IoTDemo.app */;
			productType = "com.apple.product-type.application";
		};
		65EBFDBD21BE6BAA00661347 /* IoTDemoTests */ = {
			isa = PBXNativeTarget;
			buildConfigurationList = 65EBFDD521BE6BAA00661347 /* Build configuration list for PBXNativeTarget "IoTDemoTests" */;
			buildPhases = (
				65EBFDBA21BE6BAA00661347 /* Sources */,
				65EBFDBB21BE6BAA00661347 /* Frameworks */,
				65EBFDBC21BE6BAA00661347 /* Resources */,
			);
			buildRules = (
			);
			dependencies = (
				65EBFDC021BE6BAA00661347 /* PBXTargetDependency */,
			);
			name = IoTDemoTests;
			productName = IoTDemoTests;
			productReference = 65EBFDBE21BE6BAA00661347 /* IoTDemoTests.xctest */;
			productType = "com.apple.product-type.bundle.unit-test";
		};
		65EBFDC821BE6BAA00661347 /* IoTDemoUITests */ = {
			isa = PBXNativeTarget;
			buildConfigurationList = 65EBFDD821BE6BAA00661347 /* Build configuration list for PBXNativeTarget "IoTDemoUITests" */;
			buildPhases = (
				65EBFDC521BE6BAA00661347 /* Sources */,
				65EBFDC621BE6BAA00661347 /* Frameworks */,
				65EBFDC721BE6BAA00661347 /* Resources */,
			);
			buildRules = (
			);
			dependencies = (
				65EBFDCB21BE6BAA00661347 /* PBXTargetDependency */,
			);
			name = IoTDemoUITests;
			productName = IoTDemoUITests;
			productReference = 65EBFDC921BE6BAA00661347 /* IoTDemoUITests.xctest */;
			productType = "com.apple.product-type.bundle.ui-testing";
		};
/* End PBXNativeTarget section */

/* Begin PBXProject section */
		65EBFD9F21BE6BA900661347 /* Project object */ = {
			isa = PBXProject;
			attributes = {
				LastSwiftUpdateCheck = 1010;
				LastUpgradeCheck = 1010;
				ORGANIZATIONNAME = Bossdev;
				TargetAttributes = {
					65EBFDA621BE6BA900661347 = {
						CreatedOnToolsVersion = 10.1;
					};
					65EBFDBD21BE6BAA00661347 = {
						CreatedOnToolsVersion = 10.1;
						TestTargetID = 65EBFDA621BE6BA900661347;
					};
					65EBFDC821BE6BAA00661347 = {
						CreatedOnToolsVersion = 10.1;
						TestTargetID = 65EBFDA621BE6BA900661347;
					};
				};
			};
			buildConfigurationList = 65EBFDA221BE6BA900661347 /* Build configuration list for PBXProject "IoTDemo" */;
			compatibilityVersion = "Xcode 9.3";
			developmentRegion = en;
			hasScannedForEncodings = 0;
			knownRegions = (
				en,
				Base,
			);
			mainGroup = 65EBFD9E21BE6BA900661347;
			productRefGroup = 65EBFDA821BE6BA900661347 /* Products */;
			projectDirPath = "";
			projectRoot = "";
			targets = (
				65EBFDA621BE6BA900661347 /* IoTDemo */,
				65EBFDBD21BE6BAA00661347 /* IoTDemoTests */,
				65EBFDC821BE6BAA00661347 /* IoTDemoUITests */,
			);
		};
/* End PBXProject section */

/* Begin PBXResourcesBuildPhase section */
		65EBFDA521BE6BA900661347 /* Resources */ = {
			isa = PBXResourcesBuildPhase;
			buildActionMask = 2147483647;
			files = (
				58A6EFF97BF049A46F3726EA /* Assets.xcassets in Resources */,
				58A6EDDBFCC1B4372ABCAC36 /* LaunchScreen.storyboard in Resources */,
			);
			runOnlyForDeploymentPostprocessing = 0;
		};
		65EBFDBC21BE6BAA00661347 /* Resources */ = {
			isa = PBXResourcesBuildPhase;
			buildActionMask = 2147483647;
			files = (
			);
			runOnlyForDeploymentPostprocessing = 0;
		};
		65EBFDC721BE6BAA00661347 /* Resources */ = {
			isa = PBXResourcesBuildPhase;
			buildActionMask = 2147483647;
			files = (
			);
			runOnlyForDeploymentPostprocessing = 0;
		};
/* End PBXResourcesBuildPhase section */

/* Begin PBXShellScriptBuildPhase section */
		0505318C2F288A65B55227C6 /* [CP] Embed Pods Frameworks */ = {
			isa = PBXShellScriptBuildPhase;
			buildActionMask = 2147483647;
			files = (
			);
			inputPaths = (
				"${PODS_ROOT}/Target Support Files/Pods-IoTDemo/Pods-IoTDemo-frameworks.sh",
				"${BUILT_PRODUCTS_DIR}/Eureka/Eureka.framework",
				"${BUILT_PRODUCTS_DIR}/Realm/Realm.framework",
				"${BUILT_PRODUCTS_DIR}/RealmSwift/RealmSwift.framework",
				"${BUILT_PRODUCTS_DIR}/SnapKit/SnapKit.framework",
				"${BUILT_PRODUCTS_DIR}/SwiftSignalRClient/SwiftSignalRClient.framework",
			);
			name = "[CP] Embed Pods Frameworks";
			outputPaths = (
				"${TARGET_BUILD_DIR}/${FRAMEWORKS_FOLDER_PATH}/Eureka.framework",
				"${TARGET_BUILD_DIR}/${FRAMEWORKS_FOLDER_PATH}/Realm.framework",
				"${TARGET_BUILD_DIR}/${FRAMEWORKS_FOLDER_PATH}/RealmSwift.framework",
				"${TARGET_BUILD_DIR}/${FRAMEWORKS_FOLDER_PATH}/SnapKit.framework",
				"${TARGET_BUILD_DIR}/${FRAMEWORKS_FOLDER_PATH}/SwiftSignalRClient.framework",
			);
			runOnlyForDeploymentPostprocessing = 0;
			shellPath = /bin/sh;
			shellScript = "\"${PODS_ROOT}/Target Support Files/Pods-IoTDemo/Pods-IoTDemo-frameworks.sh\"\n";
			showEnvVarsInLog = 0;
		};
		3636235DCF05C509BDD84019 /* [CP] Check Pods Manifest.lock */ = {
			isa = PBXShellScriptBuildPhase;
			buildActionMask = 2147483647;
			files = (
			);
			inputPaths = (
				"${PODS_PODFILE_DIR_PATH}/Podfile.lock",
				"${PODS_ROOT}/Manifest.lock",
			);
			name = "[CP] Check Pods Manifest.lock";
			outputPaths = (
				"$(DERIVED_FILE_DIR)/Pods-IoTDemo-checkManifestLockResult.txt",
			);
			runOnlyForDeploymentPostprocessing = 0;
			shellPath = /bin/sh;
			shellScript = "diff \"${PODS_PODFILE_DIR_PATH}/Podfile.lock\" \"${PODS_ROOT}/Manifest.lock\" > /dev/null\nif [ $? != 0 ] ; then\n    # print error to STDERR\n    echo \"error: The sandbox is not in sync with the Podfile.lock. Run 'pod install' or update your CocoaPods installation.\" >&2\n    exit 1\nfi\n# This output is used by Xcode 'outputs' to avoid re-running this script phase.\necho \"SUCCESS\" > \"${SCRIPT_OUTPUT_FILE_0}\"\n";
			showEnvVarsInLog = 0;
		};
/* End PBXShellScriptBuildPhase section */

/* Begin PBXSourcesBuildPhase section */
		65EBFDA321BE6BA900661347 /* Sources */ = {
			isa = PBXSourcesBuildPhase;
			buildActionMask = 2147483647;
			files = (
				58A6E0AB5769B60F1747FC03 /* BackendSelectionView.swift in Sources */,
				58A6E81493978038DBD5EB14 /* MainView.swift in Sources */,
				58A6EF8FBCFDF6AF1D88D8EC /* AppDelegate.swift in Sources */,
				58A6E3FFBA3DC86AE3CCA5B7 /* BackendModel.swift in Sources */,
				58A6E406A5938EE444EA2332 /* DeviceService.swift in Sources */,
				58A6E67B99847D8E038A6836 /* DeviceDataViewController.swift in Sources */,
				58A6EFDCA04E78C8A9FFEC65 /* PositionModel.swift in Sources */,
				58A6E2754804B596407ABA62 /* DeviceDataRealmAdapter.swift in Sources */,
			);
			runOnlyForDeploymentPostprocessing = 0;
		};
		65EBFDBA21BE6BAA00661347 /* Sources */ = {
			isa = PBXSourcesBuildPhase;
			buildActionMask = 2147483647;
			files = (
				65EBFDC321BE6BAA00661347 /* IoTDemoTests.swift in Sources */,
				58A6E690774F4A6F15BB46C7 /* BackendSelectionView.swift in Sources */,
			);
			runOnlyForDeploymentPostprocessing = 0;
		};
		65EBFDC521BE6BAA00661347 /* Sources */ = {
			isa = PBXSourcesBuildPhase;
			buildActionMask = 2147483647;
			files = (
				65EBFDCE21BE6BAA00661347 /* IoTDemoUITests.swift in Sources */,
				58A6E298F04B3D6B38857738 /* BackendSelectionView.swift in Sources */,
			);
			runOnlyForDeploymentPostprocessing = 0;
		};
/* End PBXSourcesBuildPhase section */

/* Begin PBXTargetDependency section */
		65EBFDC021BE6BAA00661347 /* PBXTargetDependency */ = {
			isa = PBXTargetDependency;
			target = 65EBFDA621BE6BA900661347 /* IoTDemo */;
			targetProxy = 65EBFDBF21BE6BAA00661347 /* PBXContainerItemProxy */;
		};
		65EBFDCB21BE6BAA00661347 /* PBXTargetDependency */ = {
			isa = PBXTargetDependency;
			target = 65EBFDA621BE6BA900661347 /* IoTDemo */;
			targetProxy = 65EBFDCA21BE6BAA00661347 /* PBXContainerItemProxy */;
		};
/* End PBXTargetDependency section */

/* Begin XCBuildConfiguration section */
		65EBFDD021BE6BAA00661347 /* Debug */ = {
			isa = XCBuildConfiguration;
			buildSettings = {
				ALWAYS_SEARCH_USER_PATHS = NO;
				CLANG_ANALYZER_NONNULL = YES;
				CLANG_ANALYZER_NUMBER_OBJECT_CONVERSION = YES_AGGRESSIVE;
				CLANG_CXX_LANGUAGE_STANDARD = "gnu++14";
				CLANG_CXX_LIBRARY = "libc++";
				CLANG_ENABLE_MODULES = YES;
				CLANG_ENABLE_OBJC_ARC = YES;
				CLANG_ENABLE_OBJC_WEAK = YES;
				CLANG_WARN_BLOCK_CAPTURE_AUTORELEASING = YES;
				CLANG_WARN_BOOL_CONVERSION = YES;
				CLANG_WARN_COMMA = YES;
				CLANG_WARN_CONSTANT_CONVERSION = YES;
				CLANG_WARN_DEPRECATED_OBJC_IMPLEMENTATIONS = YES;
				CLANG_WARN_DIRECT_OBJC_ISA_USAGE = YES_ERROR;
				CLANG_WARN_DOCUMENTATION_COMMENTS = YES;
				CLANG_WARN_EMPTY_BODY = YES;
				CLANG_WARN_ENUM_CONVERSION = YES;
				CLANG_WARN_INFINITE_RECURSION = YES;
				CLANG_WARN_INT_CONVERSION = YES;
				CLANG_WARN_NON_LITERAL_NULL_CONVERSION = YES;
				CLANG_WARN_OBJC_IMPLICIT_RETAIN_SELF = YES;
				CLANG_WARN_OBJC_LITERAL_CONVERSION = YES;
				CLANG_WARN_OBJC_ROOT_CLASS = YES_ERROR;
				CLANG_WARN_RANGE_LOOP_ANALYSIS = YES;
				CLANG_WARN_STRICT_PROTOTYPES = YES;
				CLANG_WARN_SUSPICIOUS_MOVE = YES;
				CLANG_WARN_UNGUARDED_AVAILABILITY = YES_AGGRESSIVE;
				CLANG_WARN_UNREACHABLE_CODE = YES;
				CLANG_WARN__DUPLICATE_METHOD_MATCH = YES;
				CODE_SIGN_IDENTITY = "iPhone Developer";
				COPY_PHASE_STRIP = NO;
				DEBUG_INFORMATION_FORMAT = dwarf;
				ENABLE_STRICT_OBJC_MSGSEND = YES;
				ENABLE_TESTABILITY = YES;
				GCC_C_LANGUAGE_STANDARD = gnu11;
				GCC_DYNAMIC_NO_PIC = NO;
				GCC_NO_COMMON_BLOCKS = YES;
				GCC_OPTIMIZATION_LEVEL = 0;
				GCC_PREPROCESSOR_DEFINITIONS = (
					"DEBUG=1",
					"$(inherited)",
				);
				GCC_WARN_64_TO_32_BIT_CONVERSION = YES;
				GCC_WARN_ABOUT_RETURN_TYPE = YES_ERROR;
				GCC_WARN_UNDECLARED_SELECTOR = YES;
				GCC_WARN_UNINITIALIZED_AUTOS = YES_AGGRESSIVE;
				GCC_WARN_UNUSED_FUNCTION = YES;
				GCC_WARN_UNUSED_VARIABLE = YES;
				IPHONEOS_DEPLOYMENT_TARGET = 12.1;
				MTL_ENABLE_DEBUG_INFO = INCLUDE_SOURCE;
				MTL_FAST_MATH = YES;
				ONLY_ACTIVE_ARCH = YES;
				SDKROOT = iphoneos;
				SWIFT_ACTIVE_COMPILATION_CONDITIONS = DEBUG;
				SWIFT_OPTIMIZATION_LEVEL = "-Onone";
			};
			name = Debug;
		};
		65EBFDD121BE6BAA00661347 /* Release */ = {
			isa = XCBuildConfiguration;
			buildSettings = {
				ALWAYS_SEARCH_USER_PATHS = NO;
				CLANG_ANALYZER_NONNULL = YES;
				CLANG_ANALYZER_NUMBER_OBJECT_CONVERSION = YES_AGGRESSIVE;
				CLANG_CXX_LANGUAGE_STANDARD = "gnu++14";
				CLANG_CXX_LIBRARY = "libc++";
				CLANG_ENABLE_MODULES = YES;
				CLANG_ENABLE_OBJC_ARC = YES;
				CLANG_ENABLE_OBJC_WEAK = YES;
				CLANG_WARN_BLOCK_CAPTURE_AUTORELEASING = YES;
				CLANG_WARN_BOOL_CONVERSION = YES;
				CLANG_WARN_COMMA = YES;
				CLANG_WARN_CONSTANT_CONVERSION = YES;
				CLANG_WARN_DEPRECATED_OBJC_IMPLEMENTATIONS = YES;
				CLANG_WARN_DIRECT_OBJC_ISA_USAGE = YES_ERROR;
				CLANG_WARN_DOCUMENTATION_COMMENTS = YES;
				CLANG_WARN_EMPTY_BODY = YES;
				CLANG_WARN_ENUM_CONVERSION = YES;
				CLANG_WARN_INFINITE_RECURSION = YES;
				CLANG_WARN_INT_CONVERSION = YES;
				CLANG_WARN_NON_LITERAL_NULL_CONVERSION = YES;
				CLANG_WARN_OBJC_IMPLICIT_RETAIN_SELF = YES;
				CLANG_WARN_OBJC_LITERAL_CONVERSION = YES;
				CLANG_WARN_OBJC_ROOT_CLASS = YES_ERROR;
				CLANG_WARN_RANGE_LOOP_ANALYSIS = YES;
				CLANG_WARN_STRICT_PROTOTYPES = YES;
				CLANG_WARN_SUSPICIOUS_MOVE = YES;
				CLANG_WARN_UNGUARDED_AVAILABILITY = YES_AGGRESSIVE;
				CLANG_WARN_UNREACHABLE_CODE = YES;
				CLANG_WARN__DUPLICATE_METHOD_MATCH = YES;
				CODE_SIGN_IDENTITY = "iPhone Developer";
				COPY_PHASE_STRIP = NO;
				DEBUG_INFORMATION_FORMAT = "dwarf-with-dsym";
				ENABLE_NS_ASSERTIONS = NO;
				ENABLE_STRICT_OBJC_MSGSEND = YES;
				GCC_C_LANGUAGE_STANDARD = gnu11;
				GCC_NO_COMMON_BLOCKS = YES;
				GCC_WARN_64_TO_32_BIT_CONVERSION = YES;
				GCC_WARN_ABOUT_RETURN_TYPE = YES_ERROR;
				GCC_WARN_UNDECLARED_SELECTOR = YES;
				GCC_WARN_UNINITIALIZED_AUTOS = YES_AGGRESSIVE;
				GCC_WARN_UNUSED_FUNCTION = YES;
				GCC_WARN_UNUSED_VARIABLE = YES;
				IPHONEOS_DEPLOYMENT_TARGET = 12.1;
				MTL_ENABLE_DEBUG_INFO = NO;
				MTL_FAST_MATH = YES;
				SDKROOT = iphoneos;
				SWIFT_COMPILATION_MODE = wholemodule;
				SWIFT_OPTIMIZATION_LEVEL = "-O";
				VALIDATE_PRODUCT = YES;
			};
			name = Release;
		};
		65EBFDD321BE6BAA00661347 /* Debug */ = {
			isa = XCBuildConfiguration;
			baseConfigurationReference = 6325A6BC522A686B6A83CCFC /* Pods-IoTDemo.debug.xcconfig */;
			buildSettings = {
				ASSETCATALOG_COMPILER_APPICON_NAME = AppIcon;
				CODE_SIGN_STYLE = Automatic;
				DEVELOPMENT_TEAM = 28EF2U5TD2;
				FRAMEWORK_SEARCH_PATHS = (
					"$(inherited)",
					"$(PROJECT_DIR)/Frameworks",
				);
				INFOPLIST_FILE = "$(SRCROOT)/IoTDemo/Application/Info.plist";
				LD_RUNPATH_SEARCH_PATHS = (
					"$(inherited)",
					"@executable_path/Frameworks",
				);
				PRODUCT_BUNDLE_IDENTIFIER = com.bossdev.IoTDemo;
				PRODUCT_NAME = "$(TARGET_NAME)";
				SWIFT_VERSION = 4.2;
				TARGETED_DEVICE_FAMILY = "1,2";
			};
			name = Debug;
		};
		65EBFDD421BE6BAA00661347 /* Release */ = {
			isa = XCBuildConfiguration;
			baseConfigurationReference = 3510DA710780F1AA33ECC9A0 /* Pods-IoTDemo.release.xcconfig */;
			buildSettings = {
				ASSETCATALOG_COMPILER_APPICON_NAME = AppIcon;
				CODE_SIGN_STYLE = Automatic;
				DEVELOPMENT_TEAM = 28EF2U5TD2;
				FRAMEWORK_SEARCH_PATHS = (
					"$(inherited)",
					"$(PROJECT_DIR)/Frameworks",
				);
				INFOPLIST_FILE = "$(SRCROOT)/IoTDemo/Application/Info.plist";
				LD_RUNPATH_SEARCH_PATHS = (
					"$(inherited)",
					"@executable_path/Frameworks",
				);
				PRODUCT_BUNDLE_IDENTIFIER = com.bossdev.IoTDemo;
				PRODUCT_NAME = "$(TARGET_NAME)";
				SWIFT_VERSION = 4.2;
				TARGETED_DEVICE_FAMILY = "1,2";
			};
			name = Release;
		};
		65EBFDD621BE6BAA00661347 /* Debug */ = {
			isa = XCBuildConfiguration;
			buildSettings = {
				ALWAYS_EMBED_SWIFT_STANDARD_LIBRARIES = YES;
				BUNDLE_LOADER = "$(TEST_HOST)";
				CODE_SIGN_STYLE = Automatic;
				DEVELOPMENT_TEAM = 28EF2U5TD2;
				FRAMEWORK_SEARCH_PATHS = (
					"$(inherited)",
					"$(PROJECT_DIR)/Frameworks",
				);
				INFOPLIST_FILE = IoTDemoTests/Info.plist;
				LD_RUNPATH_SEARCH_PATHS = (
					"$(inherited)",
					"@executable_path/Frameworks",
					"@loader_path/Frameworks",
				);
				PRODUCT_BUNDLE_IDENTIFIER = com.bossdev.IoTDemoTests;
				PRODUCT_NAME = "$(TARGET_NAME)";
				SWIFT_VERSION = 4.2;
				TARGETED_DEVICE_FAMILY = "1,2";
				TEST_HOST = "$(BUILT_PRODUCTS_DIR)/IoTDemo.app/IoTDemo";
			};
			name = Debug;
		};
		65EBFDD721BE6BAA00661347 /* Release */ = {
			isa = XCBuildConfiguration;
			buildSettings = {
				ALWAYS_EMBED_SWIFT_STANDARD_LIBRARIES = YES;
				BUNDLE_LOADER = "$(TEST_HOST)";
				CODE_SIGN_STYLE = Automatic;
				DEVELOPMENT_TEAM = 28EF2U5TD2;
				FRAMEWORK_SEARCH_PATHS = (
					"$(inherited)",
					"$(PROJECT_DIR)/Frameworks",
				);
				INFOPLIST_FILE = IoTDemoTests/Info.plist;
				LD_RUNPATH_SEARCH_PATHS = (
					"$(inherited)",
					"@executable_path/Frameworks",
					"@loader_path/Frameworks",
				);
				PRODUCT_BUNDLE_IDENTIFIER = com.bossdev.IoTDemoTests;
				PRODUCT_NAME = "$(TARGET_NAME)";
				SWIFT_VERSION = 4.2;
				TARGETED_DEVICE_FAMILY = "1,2";
				TEST_HOST = "$(BUILT_PRODUCTS_DIR)/IoTDemo.app/IoTDemo";
			};
			name = Release;
		};
		65EBFDD921BE6BAA00661347 /* Debug */ = {
			isa = XCBuildConfiguration;
			buildSettings = {
				ALWAYS_EMBED_SWIFT_STANDARD_LIBRARIES = YES;
				CODE_SIGN_STYLE = Automatic;
				DEVELOPMENT_TEAM = 28EF2U5TD2;
				FRAMEWORK_SEARCH_PATHS = (
					"$(inherited)",
					"$(PROJECT_DIR)/Frameworks",
				);
				INFOPLIST_FILE = IoTDemoUITests/Info.plist;
				LD_RUNPATH_SEARCH_PATHS = (
					"$(inherited)",
					"@executable_path/Frameworks",
					"@loader_path/Frameworks",
				);
				PRODUCT_BUNDLE_IDENTIFIER = com.bossdev.IoTDemoUITests;
				PRODUCT_NAME = "$(TARGET_NAME)";
				SWIFT_VERSION = 4.2;
				TARGETED_DEVICE_FAMILY = "1,2";
				TEST_TARGET_NAME = IoTDemo;
			};
			name = Debug;
		};
		65EBFDDA21BE6BAA00661347 /* Release */ = {
			isa = XCBuildConfiguration;
			buildSettings = {
				ALWAYS_EMBED_SWIFT_STANDARD_LIBRARIES = YES;
				CODE_SIGN_STYLE = Automatic;
				DEVELOPMENT_TEAM = 28EF2U5TD2;
				FRAMEWORK_SEARCH_PATHS = (
					"$(inherited)",
					"$(PROJECT_DIR)/Frameworks",
				);
				INFOPLIST_FILE = IoTDemoUITests/Info.plist;
				LD_RUNPATH_SEARCH_PATHS = (
					"$(inherited)",
					"@executable_path/Frameworks",
					"@loader_path/Frameworks",
				);
				PRODUCT_BUNDLE_IDENTIFIER = com.bossdev.IoTDemoUITests;
				PRODUCT_NAME = "$(TARGET_NAME)";
				SWIFT_VERSION = 4.2;
				TARGETED_DEVICE_FAMILY = "1,2";
				TEST_TARGET_NAME = IoTDemo;
			};
			name = Release;
		};
/* End XCBuildConfiguration section */

/* Begin XCConfigurationList section */
		65EBFDA221BE6BA900661347 /* Build configuration list for PBXProject "IoTDemo" */ = {
			isa = XCConfigurationList;
			buildConfigurations = (
				65EBFDD021BE6BAA00661347 /* Debug */,
				65EBFDD121BE6BAA00661347 /* Release */,
			);
			defaultConfigurationIsVisible = 0;
			defaultConfigurationName = Release;
		};
		65EBFDD221BE6BAA00661347 /* Build configuration list for PBXNativeTarget "IoTDemo" */ = {
			isa = XCConfigurationList;
			buildConfigurations = (
				65EBFDD321BE6BAA00661347 /* Debug */,
				65EBFDD421BE6BAA00661347 /* Release */,
			);
			defaultConfigurationIsVisible = 0;
			defaultConfigurationName = Release;
		};
		65EBFDD521BE6BAA00661347 /* Build configuration list for PBXNativeTarget "IoTDemoTests" */ = {
			isa = XCConfigurationList;
			buildConfigurations = (
				65EBFDD621BE6BAA00661347 /* Debug */,
				65EBFDD721BE6BAA00661347 /* Release */,
			);
			defaultConfigurationIsVisible = 0;
			defaultConfigurationName = Release;
		};
		65EBFDD821BE6BAA00661347 /* Build configuration list for PBXNativeTarget "IoTDemoUITests" */ = {
			isa = XCConfigurationList;
			buildConfigurations = (
				65EBFDD921BE6BAA00661347 /* Debug */,
				65EBFDDA21BE6BAA00661347 /* Release */,
			);
			defaultConfigurationIsVisible = 0;
			defaultConfigurationName = Release;
		};
/* End XCConfigurationList section */
	};
	rootObject = 65EBFD9F21BE6BA900661347 /* Project object */;
}
